// !$*UTF8*$!
{
	archiveVersion = 1;
	classes = {
	};
	objectVersion = 46;
	objects = {

/* Begin PBXBuildFile section */
		4E5E52701B7199F500BAD7B0 /* main.m in Sources */ = {isa = PBXBuildFile; fileRef = 4E5E526F1B7199F500BAD7B0 /* main.m */; };
		4E5E52731B7199F500BAD7B0 /* AppDelegate.m in Sources */ = {isa = PBXBuildFile; fileRef = 4E5E52721B7199F500BAD7B0 /* AppDelegate.m */; };
		4E5E52761B7199F500BAD7B0 /* ViewController.m in Sources */ = {isa = PBXBuildFile; fileRef = 4E5E52751B7199F500BAD7B0 /* ViewController.m */; };
		4E5E52791B7199F500BAD7B0 /* Main.storyboard in Resources */ = {isa = PBXBuildFile; fileRef = 4E5E52771B7199F500BAD7B0 /* Main.storyboard */; };
		4E5E527B1B7199F500BAD7B0 /* Images.xcassets in Resources */ = {isa = PBXBuildFile; fileRef = 4E5E527A1B7199F500BAD7B0 /* Images.xcassets */; };
		4E5E527E1B7199F500BAD7B0 /* LaunchScreen.xib in Resources */ = {isa = PBXBuildFile; fileRef = 4E5E527C1B7199F500BAD7B0 /* LaunchScreen.xib */; };
		4E5E528A1B7199F500BAD7B0 /* TestPresentTests.m in Sources */ = {isa = PBXBuildFile; fileRef = 4E5E52891B7199F500BAD7B0 /* TestPresentTests.m */; };
		4E5E52951B71A0E000BAD7B0 /* SecondViewController.m in Sources */ = {isa = PBXBuildFile; fileRef = 4E5E52941B71A0E000BAD7B0 /* SecondViewController.m */; };
		4E5E52981B71A91D00BAD7B0 /* ThirdViewController.m in Sources */ = {isa = PBXBuildFile; fileRef = 4E5E52971B71A91D00BAD7B0 /* ThirdViewController.m */; };
/* End PBXBuildFile section */

/* Begin PBXContainerItemProxy section */
		4E5E52841B7199F500BAD7B0 /* PBXContainerItemProxy */ = {
			isa = PBXContainerItemProxy;
			containerPortal = 4E5E52621B7199F500BAD7B0 /* Project object */;
			proxyType = 1;
			remoteGlobalIDString = 4E5E52691B7199F500BAD7B0;
			remoteInfo = TestPresent;
		};
/* End PBXContainerItemProxy section */

/* Begin PBXFileReference section */
		4E5E526A1B7199F500BAD7B0 /* TestPresent.app */ = {isa = PBXFileReference; explicitFileType = wrapper.application; includeInIndex = 0; path = TestPresent.app; sourceTree = BUILT_PRODUCTS_DIR; };
		4E5E526E1B7199F500BAD7B0 /* Info.plist */ = {isa = PBXFileReference; lastKnownFileType = text.plist.xml; path = Info.plist; sourceTree = "<group>"; };
		4E5E526F1B7199F500BAD7B0 /* main.m */ = {isa = PBXFileReference; lastKnownFileType = sourcecode.c.objc; path = main.m; sourceTree = "<group>"; };
		4E5E52711B7199F500BAD7B0 /* AppDelegate.h */ = {isa = PBXFileReference; lastKnownFileType = sourcecode.c.h; path = AppDelegate.h; sourceTree = "<group>"; };
		4E5E52721B7199F500BAD7B0 /* AppDelegate.m */ = {isa = PBXFileReference; lastKnownFileType = sourcecode.c.objc; path = AppDelegate.m; sourceTree = "<group>"; };
		4E5E52741B7199F500BAD7B0 /* ViewController.h */ = {isa = PBXFileReference; lastKnownFileType = sourcecode.c.h; path = ViewController.h; sourceTree = "<group>"; };
		4E5E52751B7199F500BAD7B0 /* ViewController.m */ = {isa = PBXFileReference; lastKnownFileType = sourcecode.c.objc; path = ViewController.m; sourceTree = "<group>"; };
		4E5E52781B7199F500BAD7B0 /* Base */ = {isa = PBXFileReference; lastKnownFileType = file.storyboard; name = Base; path = Base.lproj/Main.storyboard; sourceTree = "<group>"; };
		4E5E527A1B7199F500BAD7B0 /* Images.xcassets */ = {isa = PBXFileReference; lastKnownFileType = folder.assetcatalog; path = Images.xcassets; sourceTree = "<group>"; };
		4E5E527D1B7199F500BAD7B0 /* Base */ = {isa = PBXFileReference; lastKnownFileType = file.xib; name = Base; path = Base.lproj/LaunchScreen.xib; sourceTree = "<group>"; };
		4E5E52831B7199F500BAD7B0 /* TestPresentTests.xctest */ = {isa = PBXFileReference; explicitFileType = wrapper.cfbundle; includeInIndex = 0; path = TestPresentTests.xctest; sourceTree = BUILT_PRODUCTS_DIR; };
		4E5E52881B7199F500BAD7B0 /* Info.plist */ = {isa = PBXFileReference; lastKnownFileType = text.plist.xml; path = Info.plist; sourceTree = "<group>"; };
		4E5E52891B7199F500BAD7B0 /* TestPresentTests.m */ = {isa = PBXFileReference; lastKnownFileType = sourcecode.c.objc; path = TestPresentTests.m; sourceTree = "<group>"; };
		4E5E52931B71A0E000BAD7B0 /* SecondViewController.h */ = {isa = PBXFileReference; fileEncoding = 4; lastKnownFileType = sourcecode.c.h; path = SecondViewController.h; sourceTree = "<group>"; };
		4E5E52941B71A0E000BAD7B0 /* SecondViewController.m */ = {isa = PBXFileReference; fileEncoding = 4; lastKnownFileType = sourcecode.c.objc; path = SecondViewController.m; sourceTree = "<group>"; };
		4E5E52961B71A91D00BAD7B0 /* ThirdViewController.h */ = {isa = PBXFileReference; fileEncoding = 4; lastKnownFileType = sourcecode.c.h; path = ThirdViewController.h; sourceTree = "<group>"; };
		4E5E52971B71A91D00BAD7B0 /* ThirdViewController.m */ = {isa = PBXFileReference; fileEncoding = 4; lastKnownFileType = sourcecode.c.objc; path = ThirdViewController.m; sourceTree = "<group>"; };
/* End PBXFileReference section */

/* Begin PBXFrameworksBuildPhase section */
		4E5E52671B7199F500BAD7B0 /* Frameworks */ = {
			isa = PBXFrameworksBuildPhase;
			buildActionMask = 2147483647;
			files = (
			);
			runOnlyForDeploymentPostprocessing = 0;
		};
		4E5E52801B7199F500BAD7B0 /* Frameworks */ = {
			isa = PBXFrameworksBuildPhase;
			buildActionMask = 2147483647;
			files = (
			);
			runOnlyForDeploymentPostprocessing = 0;
		};
/* End PBXFrameworksBuildPhase section */

/* Begin PBXGroup section */
		4E5E52611B7199F500BAD7B0 = {
			isa = PBXGroup;
			children = (
				4E5E526C1B7199F500BAD7B0 /* TestPresent */,
				4E5E52861B7199F500BAD7B0 /* TestPresentTests */,
				4E5E526B1B7199F500BAD7B0 /* Products */,
			);
			sourceTree = "<group>";
		};
		4E5E526B1B7199F500BAD7B0 /* Products */ = {
			isa = PBXGroup;
			children = (
				4E5E526A1B7199F500BAD7B0 /* TestPresent.app */,
				4E5E52831B7199F500BAD7B0 /* TestPresentTests.xctest */,
			);
			name = Products;
			sourceTree = "<group>";
		};
		4E5E526C1B7199F500BAD7B0 /* TestPresent */ = {
			isa = PBXGroup;
			children = (
				4E5E52711B7199F500BAD7B0 /* AppDelegate.h */,
				4E5E52721B7199F500BAD7B0 /* AppDelegate.m */,
				4E5E52741B7199F500BAD7B0 /* ViewController.h */,
				4E5E52751B7199F500BAD7B0 /* ViewController.m */,
				4E5E52771B7199F500BAD7B0 /* Main.storyboard */,
				4E5E527A1B7199F500BAD7B0 /* Images.xcassets */,
				4E5E527C1B7199F500BAD7B0 /* LaunchScreen.xib */,
				4E5E526D1B7199F500BAD7B0 /* Supporting Files */,
				4E5E52931B71A0E000BAD7B0 /* SecondViewController.h */,
				4E5E52941B71A0E000BAD7B0 /* SecondViewController.m */,
				4E5E52961B71A91D00BAD7B0 /* ThirdViewController.h */,
				4E5E52971B71A91D00BAD7B0 /* ThirdViewController.m */,
			);
			path = TestPresent;
			sourceTree = "<group>";
		};
		4E5E526D1B7199F500BAD7B0 /* Supporting Files */ = {
			isa = PBXGroup;
			children = (
				4E5E526E1B7199F500BAD7B0 /* Info.plist */,
				4E5E526F1B7199F500BAD7B0 /* main.m */,
			);
			name = "Supporting Files";
			sourceTree = "<group>";
		};
		4E5E52861B7199F500BAD7B0 /* TestPresentTests */ = {
			isa = PBXGroup;
			children = (
				4E5E52891B7199F500BAD7B0 /* TestPresentTests.m */,
				4E5E52871B7199F500BAD7B0 /* Supporting Files */,
			);
			path = TestPresentTests;
			sourceTree = "<group>";
		};
		4E5E52871B7199F500BAD7B0 /* Supporting Files */ = {
			isa = PBXGroup;
			children = (
				4E5E52881B7199F500BAD7B0 /* Info.plist */,
			);
			name = "Supporting Files";
			sourceTree = "<group>";
		};
/* End PBXGroup section */

/* Begin PBXNativeTarget section */
		4E5E52691B7199F500BAD7B0 /* TestPresent */ = {
			isa = PBXNativeTarget;
			buildConfigurationList = 4E5E528D1B7199F500BAD7B0 /* Build configuration list for PBXNativeTarget "TestPresent" */;
			buildPhases = (
				4E5E52661B7199F500BAD7B0 /* Sources */,
				4E5E52671B7199F500BAD7B0 /* Frameworks */,
				4E5E52681B7199F500BAD7B0 /* Resources */,
			);
			buildRules = (
			);
			dependencies = (
			);
			name = TestPresent;
			productName = TestPresent;
			productReference = 4E5E526A1B7199F500BAD7B0 /* TestPresent.app */;
			productType = "com.apple.product-type.application";
		};
		4E5E52821B7199F500BAD7B0 /* TestPresentTests */ = {
			isa = PBXNativeTarget;
			buildConfigurationList = 4E5E52901B7199F500BAD7B0 /* Build configuration list for PBXNativeTarget "TestPresentTests" */;
			buildPhases = (
				4E5E527F1B7199F500BAD7B0 /* Sources */,
				4E5E52801B7199F500BAD7B0 /* Frameworks */,
				4E5E52811B7199F500BAD7B0 /* Resources */,
			);
			buildRules = (
			);
			dependencies = (
				4E5E52851B7199F500BAD7B0 /* PBXTargetDependency */,
			);
			name = TestPresentTests;
			productName = TestPresentTests;
			productReference = 4E5E52831B7199F500BAD7B0 /* TestPresentTests.xctest */;
			productType = "com.apple.product-type.bundle.unit-test";
		};
/* End PBXNativeTarget section */

/* Begin PBXProject section */
		4E5E52621B7199F500BAD7B0 /* Project object */ = {
			isa = PBXProject;
			attributes = {
				LastUpgradeCheck = 0630;
				ORGANIZATIONNAME = qianfeng;
				TargetAttributes = {
					4E5E52691B7199F500BAD7B0 = {
						CreatedOnToolsVersion = 6.3.1;
					};
					4E5E52821B7199F500BAD7B0 = {
						CreatedOnToolsVersion = 6.3.1;
						TestTargetID = 4E5E52691B7199F500BAD7B0;
					};
				};
			};
			buildConfigurationList = 4E5E52651B7199F500BAD7B0 /* Build configuration list for PBXProject "TestPresent" */;
			compatibilityVersion = "Xcode 3.2";
			developmentRegion = English;
			hasScannedForEncodings = 0;
			knownRegions = (
				en,
				Base,
			);
			mainGroup = 4E5E52611B7199F500BAD7B0;
			productRefGroup = 4E5E526B1B7199F500BAD7B0 /* Products */;
			projectDirPath = "";
			projectRoot = "";
			targets = (
				4E5E52691B7199F500BAD7B0 /* TestPresent */,
				4E5E52821B7199F500BAD7B0 /* TestPresentTests */,
			);
		};
/* End PBXProject section */

/* Begin PBXResourcesBuildPhase section */
		4E5E52681B7199F500BAD7B0 /* Resources */ = {
			isa = PBXResourcesBuildPhase;
			buildActionMask = 2147483647;
			files = (
				4E5E52791B7199F500BAD7B0 /* Main.storyboard in Resources */,
				4E5E527E1B7199F500BAD7B0 /* LaunchScreen.xib in Resources */,
				4E5E527B1B7199F500BAD7B0 /* Images.xcassets in Resources */,
			);
			runOnlyForDeploymentPostprocessing = 0;
		};
		4E5E52811B7199F500BAD7B0 /* Resources */ = {
			isa = PBXResourcesBuildPhase;
			buildActionMask = 2147483647;
			files = (
			);
			runOnlyForDeploymentPostprocessing = 0;
		};
/* End PBXResourcesBuildPhase section */

/* Begin PBXSourcesBuildPhase section */
		4E5E52661B7199F500BAD7B0 /* Sources */ = {
			isa = PBXSourcesBuildPhase;
			buildActionMask = 2147483647;
			files = (
				4E5E52951B71A0E000BAD7B0 /* SecondViewController.m in Sources */,
				4E5E52981B71A91D00BAD7B0 /* ThirdViewController.m in Sources */,
				4E5E52761B7199F500BAD7B0 /* ViewController.m in Sources */,
				4E5E52731B7199F500BAD7B0 /* AppDelegate.m in Sources */,
				4E5E52701B7199F500BAD7B0 /* main.m in Sources */,
			);
			runOnlyForDeploymentPostprocessing = 0;
		};
		4E5E527F1B7199F500BAD7B0 /* Sources */ = {
			isa = PBXSourcesBuildPhase;
			buildActionMask = 2147483647;
			files = (
				4E5E528A1B7199F500BAD7B0 /* TestPresentTests.m in Sources */,
			);
			runOnlyForDeploymentPostprocessing = 0;
		};
/* End PBXSourcesBuildPhase section */

/* Begin PBXTargetDependency section */
		4E5E52851B7199F500BAD7B0 /* PBXTargetDependency */ = {
			isa = PBXTargetDependency;
			target = 4E5E52691B7199F500BAD7B0 /* TestPresent */;
			targetProxy = 4E5E52841B7199F500BAD7B0 /* PBXContainerItemProxy */;
		};
/* End PBXTargetDependency section */

/* Begin PBXVariantGroup section */
		4E5E52771B7199F500BAD7B0 /* Main.storyboard */ = {
			isa = PBXVariantGroup;
			children = (
				4E5E52781B7199F500BAD7B0 /* Base */,
			);
			name = Main.storyboard;
			sourceTree = "<group>";
		};
		4E5E527C1B7199F500BAD7B0 /* LaunchScreen.xib */ = {
			isa = PBXVariantGroup;
			children = (
				4E5E527D1B7199F500BAD7B0 /* Base */,
			);
			name = LaunchScreen.xib;
			sourceTree = "<group>";
		};
/* End PBXVariantGroup section */

/* Begin XCBuildConfiguration section */
		4E5E528B1B7199F500BAD7B0 /* Debug */ = {
			isa = XCBuildConfiguration;
			buildSettings = {
				ALWAYS_SEARCH_USER_PATHS = NO;
				CLANG_CXX_LANGUAGE_STANDARD = "gnu++0x";
				CLANG_CXX_LIBRARY = "libc++";
				CLANG_ENABLE_MODULES = YES;
				CLANG_ENABLE_OBJC_ARC = YES;
				CLANG_WARN_BOOL_CONVERSION = YES;
				CLANG_WARN_CONSTANT_CONVERSION = YES;
				CLANG_WARN_DIRECT_OBJC_ISA_USAGE = YES_ERROR;
				CLANG_WARN_EMPTY_BODY = YES;
				CLANG_WARN_ENUM_CONVERSION = YES;
				CLANG_WARN_INT_CONVERSION = YES;
				CLANG_WARN_OBJC_ROOT_CLASS = YES_ERROR;
				CLANG_WARN_UNREACHABLE_CODE = YES;
				CLANG_WARN__DUPLICATE_METHOD_MATCH = YES;
				"CODE_SIGN_IDENTITY[sdk=iphoneos*]" = "iPhone Developer";
				COPY_PHASE_STRIP = NO;
				DEBUG_INFORMATION_FORMAT = "dwarf-with-dsym";
				ENABLE_STRICT_OBJC_MSGSEND = YES;
				GCC_C_LANGUAGE_STANDARD = gnu99;
				GCC_DYNAMIC_NO_PIC = NO;
				GCC_NO_COMMON_BLOCKS = YES;
				GCC_OPTIMIZATION_LEVEL = 0;
				GCC_PREPROCESSOR_DEFINITIONS = (
					"DEBUG=1",
					"$(inherited)",
				);
				GCC_SYMBOLS_PRIVATE_EXTERN = NO;
				GCC_WARN_64_TO_32_BIT_CONVERSION = YES;
				GCC_WARN_ABOUT_RETURN_TYPE = YES_ERROR;
				GCC_WARN_UNDECLARED_SELECTOR = YES;
				GCC_WARN_UNINITIALIZED_AUTOS = YES_AGGRESSIVE;
				GCC_WARN_UNUSED_FUNCTION = YES;
				GCC_WARN_UNUSED_VARIABLE = YES;
				IPHONEOS_DEPLOYMENT_TARGET = 8.3;
				MTL_ENABLE_DEBUG_INFO = YES;
				ONLY_ACTIVE_ARCH = YES;
				SDKROOT = iphoneos;
			};
			name = Debug;
		};
		4E5E528C1B7199F500BAD7B0 /* Release */ = {
			isa = XCBuildConfiguration;
			buildSettings = {
				ALWAYS_SEARCH_USER_PATHS = NO;
				CLANG_CXX_LANGUAGE_STANDARD = "gnu++0x";
				CLANG_CXX_LIBRARY = "libc++";
				CLANG_ENABLE_MODULES = YES;
				CLANG_ENABLE_OBJC_ARC = YES;
				CLANG_WARN_BOOL_CONVERSION = YES;
				CLANG_WARN_CONSTANT_CONVERSION = YES;
				CLANG_WARN_DIRECT_OBJC_ISA_USAGE = YES_ERROR;
				CLANG_WARN_EMPTY_BODY = YES;
				CLANG_WARN_ENUM_CONVERSION = YES;
				CLANG_WARN_INT_CONVERSION = YES;
				CLANG_WARN_OBJC_ROOT_CLASS = YES_ERROR;
				CLANG_WARN_UNREACHABLE_CODE = YES;
				CLANG_WARN__DUPLICATE_METHOD_MATCH = YES;
				"CODE_SIGN_IDENTITY[sdk=iphoneos*]" = "iPhone Developer";
				COPY_PHASE_STRIP = NO;
				DEBUG_INFORMATION_FORMAT = "dwarf-with-dsym";
				ENABLE_NS_ASSERTIONS = NO;
				ENABLE_STRICT_OBJC_MSGSEND = YES;
				GCC_C_LANGUAGE_STANDARD = gnu99;
				GCC_NO_COMMON_BLOCKS = YES;
				GCC_WARN_64_TO_32_BIT_CONVERSION = YES;
				GCC_WARN_ABOUT_RETURN_TYPE = YES_ERROR;
				GCC_WARN_UNDECLARED_SELECTOR = YES;
				GCC_WARN_UNINITIALIZED_AUTOS = YES_AGGRESSIVE;
				GCC_WARN_UNUSED_FUNCTION = YES;
				GCC_WARN_UNUSED_VARIABLE = YES;
				IPHONEOS_DEPLOYMENT_TARGET = 8.3;
				MTL_ENABLE_DEBUG_INFO = NO;
				SDKROOT = iphoneos;
				VALIDATE_PRODUCT = YES;
			};
			name = Release;
		};
		4E5E528E1B7199F500BAD7B0 /* Debug */ = {
			isa = XCBuildConfiguration;
			buildSettings = {
				ASSETCATALOG_COMPILER_APPICON_NAME = AppIcon;
				INFOPLIST_FILE = TestPresent/Info.plist;
				LD_RUNPATH_SEARCH_PATHS = "$(inherited) @executable_path/Frameworks";
				PRODUCT_NAME = "$(TARGET_NAME)";
			};
			name = Debug;
		};
		4E5E528F1B7199F500BAD7B0 /* Release */ = {
			isa = XCBuildConfiguration;
			buildSettings = {
				ASSETCATALOG_COMPILER_APPICON_NAME = AppIcon;
				INFOPLIST_FILE = TestPresent/Info.plist;
				LD_RUNPATH_SEARCH_PATHS = "$(inherited) @executable_path/Frameworks";
				PRODUCT_NAME = "$(TARGET_NAME)";
			};
			name = Release;
		};
		4E5E52911B7199F500BAD7B0 /* Debug */ = {
			isa = XCBuildConfiguration;
			buildSettings = {
				BUNDLE_LOADER = "$(TEST_HOST)";
				FRAMEWORK_SEARCH_PATHS = (
					"$(SDKROOT)/Developer/Library/Frameworks",
					"$(inherited)",
				);
				GCC_PREPROCESSOR_DEFINITIONS = (
					"DEBUG=1",
					"$(inherited)",
				);
				INFOPLIST_FILE = TestPresentTests/Info.plist;
				LD_RUNPATH_SEARCH_PATHS = "$(inherited) @executable_path/Frameworks @loader_path/Frameworks";
				PRODUCT_NAME = "$(TARGET_NAME)";
				TEST_HOST = "$(BUILT_PRODUCTS_DIR)/TestPresent.app/TestPresent";
			};
			name = Debug;
		};
		4E5E52921B7199F500BAD7B0 /* Release */ = {
			isa = XCBuildConfiguration;
			buildSettings = {
				BUNDLE_LOADER = "$(TEST_HOST)";
				FRAMEWORK_SEARCH_PATHS = (
					"$(SDKROOT)/Developer/Library/Frameworks",
					"$(inherited)",
				);
				INFOPLIST_FILE = TestPresentTests/Info.plist;
				LD_RUNPATH_SEARCH_PATHS = "$(inherited) @executable_path/Frameworks @loader_path/Frameworks";
				PRODUCT_NAME = "$(TARGET_NAME)";
				TEST_HOST = "$(BUILT_PRODUCTS_DIR)/TestPresent.app/TestPresent";
			};
			name = Release;
		};
/* End XCBuildConfiguration section */

/* Begin XCConfigurationList section */
		4E5E52651B7199F500BAD7B0 /* Build configuration list for PBXProject "TestPresent" */ = {
			isa = XCConfigurationList;
			buildConfigurations = (
				4E5E528B1B7199F500BAD7B0 /* Debug */,
				4E5E528C1B7199F500BAD7B0 /* Release */,
			);
			defaultConfigurationIsVisible = 0;
			defaultConfigurationName = Release;
		};
		4E5E528D1B7199F500BAD7B0 /* Build configuration list for PBXNativeTarget "TestPresent" */ = {
			isa = XCConfigurationList;
			buildConfigurations = (
				4E5E528E1B7199F500BAD7B0 /* Debug */,
				4E5E528F1B7199F500BAD7B0 /* Release */,
			);
			defaultConfigurationIsVisible = 0;
		};
		4E5E52901B7199F500BAD7B0 /* Build configuration list for PBXNativeTarget "TestPresentTests" */ = {
			isa = XCConfigurationList;
			buildConfigurations = (
				4E5E52911B7199F500BAD7B0 /* Debug */,
				4E5E52921B7199F500BAD7B0 /* Release */,
			);
			defaultConfigurationIsVisible = 0;
		};
/* End XCConfigurationList section */
	};
	rootObject = 4E5E52621B7199F500BAD7B0 /* Project object */;
}
